{
  "version": 4,
  "terraform_version": "1.3.6",
  "serial": 11,
  "lineage": "b03bb12e-fd72-a10e-5e7e-d516eaaf7b08",
  "outputs": {},
  "resources": [
    {
      "mode": "managed",
      "type": "yandex_compute_instance",
      "name": "vm3",
      "provider": "provider[\"registry.terraform.io/yandex-cloud/yandex\"]",
      "instances": [
        {
          "schema_version": 1,
          "attributes": {
            "allow_recreate": null,
            "allow_stopping_for_update": null,
            "boot_disk": [
              {
                "auto_delete": true,
                "device_name": "fhm81uuggi7r4q2aacb4",
                "disk_id": "fhm81uuggi7r4q2aacb4",
                "initialize_params": [
                  {
                    "block_size": 4096,
                    "description": "",
                    "image_id": "fd8scqsds5me81jjilu9",
                    "name": "",
                    "size": 3,
                    "snapshot_id": "",
                    "type": "network-hdd"
                  }
                ],
                "mode": "READ_WRITE"
              }
            ],
            "created_at": "2022-12-18T16:30:56Z",
            "description": "",
            "folder_id": "b1g1l3j3k0909cn94se2",
            "fqdn": "fhmne7ogj8ah1ogqnd3o.auto.internal",
            "hostname": "",
            "id": "fhmne7ogj8ah1ogqnd3o",
            "labels": {},
            "local_disk": [],
            "metadata": {
              "serial-port-enable": "1",
              "user-data": "#cloud-config\r\nusers:\r\n  - name: admin\r\n    groups: sudo\r\n    shell: /bin/bash\r\n    sudo: ['ALL=(ALL) NOPASSWD:ALL']\r\n    ssh_authorized_keys:\r\n      - ssh-rsa AAAAB3NzaC1yc2EAAAADAQABAAABAQDW32X++7E/K1z4bGNynLCFnOZH7+WSL84LnkecpztH40jCUFubFfHR6qHo32Yv0DI5SjzNtMOiZP8PvPw/KODYSHktaWSwYGdRIjfu9n9FhtdZPFNEz2K6lxF4qg2x5WE7/edjdISeGn/l75bsrOh9P1FQXw31Og+W5upoC1GHsLbUXmdVwobBwW2cVEH7INwCq5GE319eFTligzofdARR47YHTdRRsw7nQyJHzt7wcqhfupU/wZQnUDWenG9C71LjA0B27AhRaWsTLgFPKQMhlvM0s1Sr1KsjE+XrkWKzAGplCxuSTWiySBUkc1+Dvt1rVyiGjZvG0xE2Z7aVSEOj Кисуля@LaptopAis"
            },
            "name": "vm3",
            "network_acceleration_type": "standard",
            "network_interface": [
              {
                "dns_record": [],
                "index": 0,
                "ip_address": "192.168.4.10",
                "ipv4": true,
                "ipv6": false,
                "ipv6_address": "",
                "ipv6_dns_record": [],
                "mac_address": "d0:0d:17:71:f1:09",
                "nat": false,
                "nat_dns_record": [],
                "nat_ip_address": "",
                "nat_ip_version": "",
                "security_group_ids": [],
                "subnet_id": "e9bm59nut462hosrgcc8"
              }
            ],
            "placement_policy": [
              {
                "host_affinity_rules": [],
                "placement_group_id": ""
              }
            ],
            "platform_id": "standard-v1",
            "resources": [
              {
                "core_fraction": 100,
                "cores": 2,
                "gpus": 0,
                "memory": 2
              }
            ],
            "scheduling_policy": [
              {
                "preemptible": false
              }
            ],
            "secondary_disk": [],
            "service_account_id": "",
            "status": "running",
            "timeouts": null,
            "zone": "ru-central1-a"
          },
          "sensitive_attributes": [],
          "private": "eyJlMmJmYjczMC1lY2FhLTExZTYtOGY4OC0zNDM2M2JjN2M0YzAiOnsiY3JlYXRlIjozMDAwMDAwMDAwMDAsImRlbGV0ZSI6MzAwMDAwMDAwMDAwLCJ1cGRhdGUiOjMwMDAwMDAwMDAwMH0sInNjaGVtYV92ZXJzaW9uIjoiMSJ9",
          "dependencies": [
            "yandex_vpc_network.sfnet1",
            "yandex_vpc_subnet.sfsubnet-a"
          ]
        }
      ]
    },
    {
      "mode": "managed",
      "type": "yandex_compute_instance",
      "name": "vm4",
      "provider": "provider[\"registry.terraform.io/yandex-cloud/yandex\"]",
      "instances": [
        {
          "schema_version": 1,
          "attributes": {
            "allow_recreate": null,
            "allow_stopping_for_update": null,
            "boot_disk": [
              {
                "auto_delete": true,
                "device_name": "epdmtbunvrlh1f68ngs5",
                "disk_id": "epdmtbunvrlh1f68ngs5",
                "initialize_params": [
                  {
                    "block_size": 4096,
                    "description": "",
                    "image_id": "fd8ts5msch9mnp4ott9m",
                    "name": "",
                    "size": 3,
                    "snapshot_id": "",
                    "type": "network-hdd"
                  }
                ],
                "mode": "READ_WRITE"
              }
            ],
            "created_at": "2022-12-18T16:30:57Z",
            "description": "",
            "folder_id": "b1g1l3j3k0909cn94se2",
            "fqdn": "epdqddcqia2onek24bst.auto.internal",
            "hostname": "",
            "id": "epdqddcqia2onek24bst",
            "labels": {},
            "local_disk": [],
            "metadata": {
              "serial-port-enable": "1",
              "user-data": "#cloud-config\r\nusers:\r\n  - name: admin\r\n    groups: sudo\r\n    shell: /bin/bash\r\n    sudo: ['ALL=(ALL) NOPASSWD:ALL']\r\n    ssh_authorized_keys:\r\n      - ssh-rsa AAAAB3NzaC1yc2EAAAADAQABAAABAQDW32X++7E/K1z4bGNynLCFnOZH7+WSL84LnkecpztH40jCUFubFfHR6qHo32Yv0DI5SjzNtMOiZP8PvPw/KODYSHktaWSwYGdRIjfu9n9FhtdZPFNEz2K6lxF4qg2x5WE7/edjdISeGn/l75bsrOh9P1FQXw31Og+W5upoC1GHsLbUXmdVwobBwW2cVEH7INwCq5GE319eFTligzofdARR47YHTdRRsw7nQyJHzt7wcqhfupU/wZQnUDWenG9C71LjA0B27AhRaWsTLgFPKQMhlvM0s1Sr1KsjE+XrkWKzAGplCxuSTWiySBUkc1+Dvt1rVyiGjZvG0xE2Z7aVSEOj Кисуля@LaptopAis"
            },
            "name": "vm4",
            "network_acceleration_type": "standard",
            "network_interface": [
              {
                "dns_record": [],
                "index": 0,
                "ip_address": "192.168.5.29",
                "ipv4": true,
                "ipv6": false,
                "ipv6_address": "",
                "ipv6_dns_record": [],
                "mac_address": "d0:0d:1a:6b:59:a9",
                "nat": false,
                "nat_dns_record": [],
                "nat_ip_address": "",
                "nat_ip_version": "",
                "security_group_ids": [],
                "subnet_id": "e2lc4ht0ldq1pf5nq514"
              }
            ],
            "placement_policy": [
              {
                "host_affinity_rules": [],
                "placement_group_id": ""
              }
            ],
            "platform_id": "standard-v1",
            "resources": [
              {
                "core_fraction": 100,
                "cores": 2,
                "gpus": 0,
                "memory": 2
              }
            ],
            "scheduling_policy": [
              {
                "preemptible": false
              }
            ],
            "secondary_disk": [],
            "service_account_id": "",
            "status": "running",
            "timeouts": null,
            "zone": "ru-central1-b"
          },
          "sensitive_attributes": [],
          "private": "eyJlMmJmYjczMC1lY2FhLTExZTYtOGY4OC0zNDM2M2JjN2M0YzAiOnsiY3JlYXRlIjozMDAwMDAwMDAwMDAsImRlbGV0ZSI6MzAwMDAwMDAwMDAwLCJ1cGRhdGUiOjMwMDAwMDAwMDAwMH0sInNjaGVtYV92ZXJzaW9uIjoiMSJ9",
          "dependencies": [
            "yandex_vpc_network.sfnet1",
            "yandex_vpc_subnet.sfsubnet-b"
          ]
        }
      ]
    },
    {
      "mode": "managed",
      "type": "yandex_vpc_network",
      "name": "sfnet1",
      "provider": "provider[\"registry.terraform.io/yandex-cloud/yandex\"]",
      "instances": [
        {
          "schema_version": 0,
          "attributes": {
            "created_at": "2022-12-18T16:30:54Z",
            "default_security_group_id": "",
            "description": "",
            "folder_id": "b1g1l3j3k0909cn94se2",
            "id": "enp1js818mjnvedtv8tb",
            "labels": {},
            "name": "sfnet1",
            "subnet_ids": [
              "e2lc4ht0ldq1pf5nq514",
              "e9bm59nut462hosrgcc8"
            ],
            "timeouts": null
          },
          "sensitive_attributes": [],
          "private": "eyJlMmJmYjczMC1lY2FhLTExZTYtOGY4OC0zNDM2M2JjN2M0YzAiOnsiY3JlYXRlIjo2MDAwMDAwMDAwMCwiZGVsZXRlIjo2MDAwMDAwMDAwMCwidXBkYXRlIjo2MDAwMDAwMDAwMH19"
        }
      ]
    },
    {
      "mode": "managed",
      "type": "yandex_vpc_subnet",
      "name": "sfsubnet-a",
      "provider": "provider[\"registry.terraform.io/yandex-cloud/yandex\"]",
      "instances": [
        {
          "schema_version": 0,
          "attributes": {
            "created_at": "2022-12-18T16:30:55Z",
            "description": "",
            "dhcp_options": [],
            "folder_id": "b1g1l3j3k0909cn94se2",
            "id": "e9bm59nut462hosrgcc8",
            "labels": {},
            "name": "",
            "network_id": "enp1js818mjnvedtv8tb",
            "route_table_id": "",
            "timeouts": null,
            "v4_cidr_blocks": [
              "192.168.4.0/24"
            ],
            "v6_cidr_blocks": [],
            "zone": "ru-central1-a"
          },
          "sensitive_attributes": [],
          "private": "eyJlMmJmYjczMC1lY2FhLTExZTYtOGY4OC0zNDM2M2JjN2M0YzAiOnsiY3JlYXRlIjoxODAwMDAwMDAwMDAsImRlbGV0ZSI6MTgwMDAwMDAwMDAwLCJ1cGRhdGUiOjE4MDAwMDAwMDAwMH19",
          "dependencies": [
            "yandex_vpc_network.sfnet1"
          ]
        }
      ]
    },
    {
      "mode": "managed",
      "type": "yandex_vpc_subnet",
      "name": "sfsubnet-b",
      "provider": "provider[\"registry.terraform.io/yandex-cloud/yandex\"]",
      "instances": [
        {
          "schema_version": 0,
          "attributes": {
            "created_at": "2022-12-18T16:30:55Z",
            "description": "",
            "dhcp_options": [],
            "folder_id": "b1g1l3j3k0909cn94se2",
            "id": "e2lc4ht0ldq1pf5nq514",
            "labels": {},
            "name": "",
            "network_id": "enp1js818mjnvedtv8tb",
            "route_table_id": "",
            "timeouts": null,
            "v4_cidr_blocks": [
              "192.168.5.0/24"
            ],
            "v6_cidr_blocks": [],
            "zone": "ru-central1-b"
          },
          "sensitive_attributes": [],
          "private": "eyJlMmJmYjczMC1lY2FhLTExZTYtOGY4OC0zNDM2M2JjN2M0YzAiOnsiY3JlYXRlIjoxODAwMDAwMDAwMDAsImRlbGV0ZSI6MTgwMDAwMDAwMDAwLCJ1cGRhdGUiOjE4MDAwMDAwMDAwMH19",
          "dependencies": [
            "yandex_vpc_network.sfnet1"
          ]
        }
      ]
    },
    {
      "module": "module.bucket",
      "mode": "managed",
      "type": "yandex_iam_service_account",
      "name": "sa2",
      "provider": "module.bucket.provider[\"registry.terraform.io/yandex-cloud/yandex\"]",
      "instances": [
        {
          "schema_version": 0,
          "attributes": {
            "created_at": "2022-12-18T17:18:56Z",
            "description": "",
            "folder_id": "b1g1l3j3k0909cn94se2",
            "id": "aje6oscb2jppoot3e3jq",
            "name": "sa2",
            "timeouts": null
          },
          "sensitive_attributes": [],
          "private": "eyJlMmJmYjczMC1lY2FhLTExZTYtOGY4OC0zNDM2M2JjN2M0YzAiOnsiY3JlYXRlIjo2MDAwMDAwMDAwMCwiZGVsZXRlIjo2MDAwMDAwMDAwMCwidXBkYXRlIjo2MDAwMDAwMDAwMH19"
        }
      ]
    },
    {
      "module": "module.bucket",
      "mode": "managed",
      "type": "yandex_iam_service_account_static_access_key",
      "name": "sa2-static-key",
      "provider": "module.bucket.provider[\"registry.terraform.io/yandex-cloud/yandex\"]",
      "instances": [
        {
          "schema_version": 0,
          "attributes": {
            "access_key": "YCAJEjwTVWSP85Syy-_OOEEDP",
            "created_at": "2022-12-18T17:18:57Z",
            "description": "static access key for object storage",
            "encrypted_secret_key": null,
            "id": "ajesn0tt9cpnq674p6pj",
            "key_fingerprint": null,
            "pgp_key": null,
            "secret_key": "YCOyb8q1izwHwE_Hqpe1D4DgwoH71y3yQHxe35PU",
            "service_account_id": "aje6oscb2jppoot3e3jq"
          },
          "sensitive_attributes": [],
          "private": "bnVsbA==",
          "dependencies": [
            "module.bucket.yandex_iam_service_account.sa2"
          ]
        }
      ]
    },
    {
      "module": "module.bucket",
      "mode": "managed",
      "type": "yandex_resourcemanager_folder_iam_member",
      "name": "sa-editor",
      "provider": "module.bucket.provider[\"registry.terraform.io/yandex-cloud/yandex\"]",
      "instances": [
        {
          "schema_version": 0,
          "attributes": {
            "folder_id": "b1g1l3j3k0909cn94se2",
            "id": "b1g1l3j3k0909cn94se2/storage.editor/serviceAccount:aje6oscb2jppoot3e3jq",
            "member": "serviceAccount:aje6oscb2jppoot3e3jq",
            "role": "storage.editor",
            "sleep_after": null
          },
          "sensitive_attributes": [],
          "private": "bnVsbA==",
          "dependencies": [
            "module.bucket.yandex_iam_service_account.sa2"
          ]
        }
      ]
    }
  ],
  "check_results": null
}
