{
  "version": 4,
  "terraform_version": "1.3.6",
  "serial": 15,
  "lineage": "0358ee3e-b9e4-81a9-e7bf-716a6fe2947a",
  "outputs": {},
  "resources": [
    {
      "mode": "managed",
      "type": "yandex_compute_instance",
      "name": "vm3",
      "provider": "provider[\"registry.terraform.io/yandex-cloud/yandex\"]",
      "instances": [
        {
          "schema_version": 1,
          "attributes": {
            "allow_recreate": null,
            "allow_stopping_for_update": null,
            "boot_disk": [
              {
                "auto_delete": true,
                "device_name": "fhm4qi0trshicoc4o5l1",
                "disk_id": "fhm4qi0trshicoc4o5l1",
                "initialize_params": [
                  {
                    "block_size": 4096,
                    "description": "",
                    "image_id": "fd8scqsds5me81jjilu9",
                    "name": "",
                    "size": 3,
                    "snapshot_id": "",
                    "type": "network-hdd"
                  }
                ],
                "mode": "READ_WRITE"
              }
            ],
            "created_at": "2022-12-18T19:03:04Z",
            "description": "",
            "folder_id": "b1g1l3j3k0909cn94se2",
            "fqdn": "fhmgumc8i1gvvjh431g5.auto.internal",
            "hostname": "",
            "id": "fhmgumc8i1gvvjh431g5",
            "labels": {},
            "local_disk": [],
            "metadata": {
              "serial-port-enable": "1",
              "user-data": "#cloud-config\r\nusers:\r\n  - name: admin\r\n    groups: sudo\r\n    shell: /bin/bash\r\n    sudo: ['ALL=(ALL) NOPASSWD:ALL']\r\n    ssh_authorized_keys:\r\n      - ssh-rsa AAAAB3NzaC1yc2EAAAADAQABAAABAQDW32X++7E/K1z4bGNynLCFnOZH7+WSL84LnkecpztH40jCUFubFfHR6qHo32Yv0DI5SjzNtMOiZP8PvPw/KODYSHktaWSwYGdRIjfu9n9FhtdZPFNEz2K6lxF4qg2x5WE7/edjdISeGn/l75bsrOh9P1FQXw31Og+W5upoC1GHsLbUXmdVwobBwW2cVEH7INwCq5GE319eFTligzofdARR47YHTdRRsw7nQyJHzt7wcqhfupU/wZQnUDWenG9C71LjA0B27AhRaWsTLgFPKQMhlvM0s1Sr1KsjE+XrkWKzAGplCxuSTWiySBUkc1+Dvt1rVyiGjZvG0xE2Z7aVSEOj Кисуля@LaptopAis"
            },
            "name": "vm3",
            "network_acceleration_type": "standard",
            "network_interface": [
              {
                "dns_record": [],
                "index": 0,
                "ip_address": "192.168.4.14",
                "ipv4": true,
                "ipv6": false,
                "ipv6_address": "",
                "ipv6_dns_record": [],
                "mac_address": "d0:0d:10:f5:98:89",
                "nat": false,
                "nat_dns_record": [],
                "nat_ip_address": "",
                "nat_ip_version": "",
                "security_group_ids": [],
                "subnet_id": "e9b4832a0h9s2uq8jmni"
              }
            ],
            "placement_policy": [
              {
                "host_affinity_rules": [],
                "placement_group_id": ""
              }
            ],
            "platform_id": "standard-v1",
            "resources": [
              {
                "core_fraction": 100,
                "cores": 2,
                "gpus": 0,
                "memory": 2
              }
            ],
            "scheduling_policy": [
              {
                "preemptible": false
              }
            ],
            "secondary_disk": [],
            "service_account_id": "",
            "status": "running",
            "timeouts": null,
            "zone": "ru-central1-a"
          },
          "sensitive_attributes": [],
          "private": "eyJlMmJmYjczMC1lY2FhLTExZTYtOGY4OC0zNDM2M2JjN2M0YzAiOnsiY3JlYXRlIjozMDAwMDAwMDAwMDAsImRlbGV0ZSI6MzAwMDAwMDAwMDAwLCJ1cGRhdGUiOjMwMDAwMDAwMDAwMH0sInNjaGVtYV92ZXJzaW9uIjoiMSJ9",
          "dependencies": [
            "yandex_vpc_network.sfnet1",
            "yandex_vpc_subnet.sfsubnet-a"
          ]
        }
      ]
    },
    {
      "mode": "managed",
      "type": "yandex_compute_instance",
      "name": "vm4",
      "provider": "provider[\"registry.terraform.io/yandex-cloud/yandex\"]",
      "instances": [
        {
          "schema_version": 1,
          "attributes": {
            "allow_recreate": null,
            "allow_stopping_for_update": null,
            "boot_disk": [
              {
                "auto_delete": true,
                "device_name": "epd4c4cm4ljanruf4bl4",
                "disk_id": "epd4c4cm4ljanruf4bl4",
                "initialize_params": [
                  {
                    "block_size": 4096,
                    "description": "",
                    "image_id": "fd8ts5msch9mnp4ott9m",
                    "name": "",
                    "size": 3,
                    "snapshot_id": "",
                    "type": "network-hdd"
                  }
                ],
                "mode": "READ_WRITE"
              }
            ],
            "created_at": "2022-12-18T19:03:04Z",
            "description": "",
            "folder_id": "b1g1l3j3k0909cn94se2",
            "fqdn": "epdin8f4giddo31d1i38.auto.internal",
            "hostname": "",
            "id": "epdin8f4giddo31d1i38",
            "labels": {},
            "local_disk": [],
            "metadata": {
              "serial-port-enable": "1",
              "user-data": "#cloud-config\r\nusers:\r\n  - name: admin\r\n    groups: sudo\r\n    shell: /bin/bash\r\n    sudo: ['ALL=(ALL) NOPASSWD:ALL']\r\n    ssh_authorized_keys:\r\n      - ssh-rsa AAAAB3NzaC1yc2EAAAADAQABAAABAQDW32X++7E/K1z4bGNynLCFnOZH7+WSL84LnkecpztH40jCUFubFfHR6qHo32Yv0DI5SjzNtMOiZP8PvPw/KODYSHktaWSwYGdRIjfu9n9FhtdZPFNEz2K6lxF4qg2x5WE7/edjdISeGn/l75bsrOh9P1FQXw31Og+W5upoC1GHsLbUXmdVwobBwW2cVEH7INwCq5GE319eFTligzofdARR47YHTdRRsw7nQyJHzt7wcqhfupU/wZQnUDWenG9C71LjA0B27AhRaWsTLgFPKQMhlvM0s1Sr1KsjE+XrkWKzAGplCxuSTWiySBUkc1+Dvt1rVyiGjZvG0xE2Z7aVSEOj Кисуля@LaptopAis"
            },
            "name": "vm4",
            "network_acceleration_type": "standard",
            "network_interface": [
              {
                "dns_record": [],
                "index": 0,
                "ip_address": "192.168.5.11",
                "ipv4": true,
                "ipv6": false,
                "ipv6_address": "",
                "ipv6_dns_record": [],
                "mac_address": "d0:0d:12:ba:1e:48",
                "nat": false,
                "nat_dns_record": [],
                "nat_ip_address": "",
                "nat_ip_version": "",
                "security_group_ids": [],
                "subnet_id": "e2lvs3gtkuat04si7j65"
              }
            ],
            "placement_policy": [
              {
                "host_affinity_rules": [],
                "placement_group_id": ""
              }
            ],
            "platform_id": "standard-v1",
            "resources": [
              {
                "core_fraction": 100,
                "cores": 2,
                "gpus": 0,
                "memory": 2
              }
            ],
            "scheduling_policy": [
              {
                "preemptible": false
              }
            ],
            "secondary_disk": [],
            "service_account_id": "",
            "status": "running",
            "timeouts": null,
            "zone": "ru-central1-b"
          },
          "sensitive_attributes": [],
          "private": "eyJlMmJmYjczMC1lY2FhLTExZTYtOGY4OC0zNDM2M2JjN2M0YzAiOnsiY3JlYXRlIjozMDAwMDAwMDAwMDAsImRlbGV0ZSI6MzAwMDAwMDAwMDAwLCJ1cGRhdGUiOjMwMDAwMDAwMDAwMH0sInNjaGVtYV92ZXJzaW9uIjoiMSJ9",
          "dependencies": [
            "yandex_vpc_network.sfnet1",
            "yandex_vpc_subnet.sfsubnet-b"
          ]
        }
      ]
    },
    {
      "mode": "managed",
      "type": "yandex_iam_service_account",
      "name": "sa2",
      "provider": "provider[\"registry.terraform.io/yandex-cloud/yandex\"]",
      "instances": [
        {
          "schema_version": 0,
          "attributes": {
            "created_at": "2022-12-18T19:17:27Z",
            "description": "",
            "folder_id": "b1g1l3j3k0909cn94se2",
            "id": "ajergbt7edpmouokq61e",
            "name": "sa2",
            "timeouts": null
          },
          "sensitive_attributes": [],
          "private": "eyJlMmJmYjczMC1lY2FhLTExZTYtOGY4OC0zNDM2M2JjN2M0YzAiOnsiY3JlYXRlIjo2MDAwMDAwMDAwMCwiZGVsZXRlIjo2MDAwMDAwMDAwMCwidXBkYXRlIjo2MDAwMDAwMDAwMH19"
        }
      ]
    },
    {
      "mode": "managed",
      "type": "yandex_iam_service_account_static_access_key",
      "name": "sa2-static-key",
      "provider": "provider[\"registry.terraform.io/yandex-cloud/yandex\"]",
      "instances": [
        {
          "schema_version": 0,
          "attributes": {
            "access_key": "YCAJE162IRGy_QUgHOvf33WYc",
            "created_at": "2022-12-18T19:17:28Z",
            "description": "static access key for object storage",
            "encrypted_secret_key": null,
            "id": "ajev1e5o8bbubleig1nd",
            "key_fingerprint": null,
            "pgp_key": null,
            "secret_key": "YCM6SZfY3SDL5mF25ZVZKAxmOobeZy6glw6pg467",
            "service_account_id": "ajergbt7edpmouokq61e"
          },
          "sensitive_attributes": [],
          "private": "bnVsbA==",
          "dependencies": [
            "yandex_iam_service_account.sa2"
          ]
        }
      ]
    },
    {
      "mode": "managed",
      "type": "yandex_resourcemanager_folder_iam_member",
      "name": "sa-editor",
      "provider": "provider[\"registry.terraform.io/yandex-cloud/yandex\"]",
      "instances": [
        {
          "schema_version": 0,
          "attributes": {
            "folder_id": "b1g1l3j3k0909cn94se2",
            "id": "b1g1l3j3k0909cn94se2/storage.editor/serviceAccount:ajergbt7edpmouokq61e",
            "member": "serviceAccount:ajergbt7edpmouokq61e",
            "role": "storage.editor",
            "sleep_after": null
          },
          "sensitive_attributes": [],
          "private": "bnVsbA==",
          "dependencies": [
            "yandex_iam_service_account.sa2"
          ]
        }
      ]
    },
    {
      "mode": "managed",
      "type": "yandex_vpc_network",
      "name": "sfnet1",
      "provider": "provider[\"registry.terraform.io/yandex-cloud/yandex\"]",
      "instances": [
        {
          "schema_version": 0,
          "attributes": {
            "created_at": "2022-12-18T19:03:01Z",
            "default_security_group_id": "",
            "description": "",
            "folder_id": "b1g1l3j3k0909cn94se2",
            "id": "enp3ohhlu8tank399hmu",
            "labels": {},
            "name": "sfnet1",
            "subnet_ids": [
              "e2lvs3gtkuat04si7j65",
              "e9b4832a0h9s2uq8jmni"
            ],
            "timeouts": null
          },
          "sensitive_attributes": [],
          "private": "eyJlMmJmYjczMC1lY2FhLTExZTYtOGY4OC0zNDM2M2JjN2M0YzAiOnsiY3JlYXRlIjo2MDAwMDAwMDAwMCwiZGVsZXRlIjo2MDAwMDAwMDAwMCwidXBkYXRlIjo2MDAwMDAwMDAwMH19"
        }
      ]
    },
    {
      "mode": "managed",
      "type": "yandex_vpc_subnet",
      "name": "sfsubnet-a",
      "provider": "provider[\"registry.terraform.io/yandex-cloud/yandex\"]",
      "instances": [
        {
          "schema_version": 0,
          "attributes": {
            "created_at": "2022-12-18T19:03:02Z",
            "description": "",
            "dhcp_options": [],
            "folder_id": "b1g1l3j3k0909cn94se2",
            "id": "e9b4832a0h9s2uq8jmni",
            "labels": {},
            "name": "",
            "network_id": "enp3ohhlu8tank399hmu",
            "route_table_id": "",
            "timeouts": null,
            "v4_cidr_blocks": [
              "192.168.4.0/24"
            ],
            "v6_cidr_blocks": [],
            "zone": "ru-central1-a"
          },
          "sensitive_attributes": [],
          "private": "eyJlMmJmYjczMC1lY2FhLTExZTYtOGY4OC0zNDM2M2JjN2M0YzAiOnsiY3JlYXRlIjoxODAwMDAwMDAwMDAsImRlbGV0ZSI6MTgwMDAwMDAwMDAwLCJ1cGRhdGUiOjE4MDAwMDAwMDAwMH19",
          "dependencies": [
            "yandex_vpc_network.sfnet1"
          ]
        }
      ]
    },
    {
      "mode": "managed",
      "type": "yandex_vpc_subnet",
      "name": "sfsubnet-b",
      "provider": "provider[\"registry.terraform.io/yandex-cloud/yandex\"]",
      "instances": [
        {
          "schema_version": 0,
          "attributes": {
            "created_at": "2022-12-18T19:03:02Z",
            "description": "",
            "dhcp_options": [],
            "folder_id": "b1g1l3j3k0909cn94se2",
            "id": "e2lvs3gtkuat04si7j65",
            "labels": {},
            "name": "",
            "network_id": "enp3ohhlu8tank399hmu",
            "route_table_id": "",
            "timeouts": null,
            "v4_cidr_blocks": [
              "192.168.5.0/24"
            ],
            "v6_cidr_blocks": [],
            "zone": "ru-central1-b"
          },
          "sensitive_attributes": [],
          "private": "eyJlMmJmYjczMC1lY2FhLTExZTYtOGY4OC0zNDM2M2JjN2M0YzAiOnsiY3JlYXRlIjoxODAwMDAwMDAwMDAsImRlbGV0ZSI6MTgwMDAwMDAwMDAwLCJ1cGRhdGUiOjE4MDAwMDAwMDAwMH19",
          "dependencies": [
            "yandex_vpc_network.sfnet1"
          ]
        }
      ]
    }
  ],
  "check_results": null
}
